// !$*UTF8*$!
{
	archiveVersion = 1;
	classes = {
	};
	objectVersion = 51;
	objects = {

/* Begin PBXBuildFile section */
		2B4D559658937D4F4CA0B68C /* CustomDrawingAppDelegate.swift in Sources */ = {isa = PBXBuildFile; fileRef = 43CA8DECDB35053C8024DCA5 /* CustomDrawingAppDelegate.swift */; };
		6C0EF3B7457D402C7BA33ABC /* LaunchScreen.storyboard in Resources */ = {isa = PBXBuildFile; fileRef = 93CCA9F858E92CC7FC57B56E /* LaunchScreen.storyboard */; };
		99F3DAF3F5BB1A401FA15E8C /* Main.storyboard in Resources */ = {isa = PBXBuildFile; fileRef = 5C412F88DCDEE6584787A9E0 /* Main.storyboard */; };
		BB432B4B74023284DD434B56 /* Assets.xcassets in Resources */ = {isa = PBXBuildFile; fileRef = 918269547C792C345B54ACCB /* Assets.xcassets */; };
/* End PBXBuildFile section */

/* Begin PBXFileReference section */
		12E9C60F4AFE58244F197B65 /* Base */ = {isa = PBXFileReference; lastKnownFileType = file.storyboard; name = Base; path = Base.lproj/LaunchScreen.storyboard; sourceTree = "<group>"; };
		43CA8DECDB35053C8024DCA5 /* CustomDrawingAppDelegate.swift */ = {isa = PBXFileReference; lastKnownFileType = sourcecode.swift; path = CustomDrawingAppDelegate.swift; sourceTree = "<group>"; };
		45F1D3F4D1711E45A1F3F98B /* CustomDrawing.app */ = {isa = PBXFileReference; includeInIndex = 0; lastKnownFileType = wrapper.application; path = CustomDrawing.app; sourceTree = BUILT_PRODUCTS_DIR; };
		5C412F88DCDEE6584787A9E0 /* Main.storyboard */ = {isa = PBXFileReference; lastKnownFileType = file.storyboard; path = Main.storyboard; sourceTree = "<group>"; };
		918269547C792C345B54ACCB /* Assets.xcassets */ = {isa = PBXFileReference; lastKnownFileType = folder.assetcatalog; path = Assets.xcassets; sourceTree = "<group>"; };
		E690BD69BA1454F21100376A /* Info.plist */ = {isa = PBXFileReference; lastKnownFileType = text.plist.xml; path = Info.plist; sourceTree = "<group>"; };
/* End PBXFileReference section */

/* Begin PBXGroup section */
		0191BB6FC406E7A20EB0D59B /* Products */ = {
			isa = PBXGroup;
			children = (
				45F1D3F4D1711E45A1F3F98B /* CustomDrawing.app */,
			);
			name = Products;
			sourceTree = "<group>";
		};
		3305236FD3358BB403C3819A /* Controller */ = {
			isa = PBXGroup;
			children = (
			);
			path = Controller;
			sourceTree = "<group>";
		};
		3466CC8A117C6764BB21D209 /* App */ = {
			isa = PBXGroup;
			children = (
				43CA8DECDB35053C8024DCA5 /* CustomDrawingAppDelegate.swift */,
				E690BD69BA1454F21100376A /* Info.plist */,
			);
			path = App;
			sourceTree = "<group>";
		};
		6444C6711B1DF20440A64A20 /* Common */ = {
			isa = PBXGroup;
			children = (
			);
			path = Common;
			sourceTree = "<group>";
		};
		887319469F00798CF168169E /* CustomDrawing */ = {
			isa = PBXGroup;
			children = (
				3466CC8A117C6764BB21D209 /* App */,
				91F510D5B593E7DA9E3A0F6E /* Assets */,
				6444C6711B1DF20440A64A20 /* Common */,
				3305236FD3358BB403C3819A /* Controller */,
				E4494BA8595999FFCB867382 /* Model */,
			);
			path = CustomDrawing;
			sourceTree = "<group>";
		};
		91F510D5B593E7DA9E3A0F6E /* Assets */ = {
			isa = PBXGroup;
			children = (
				918269547C792C345B54ACCB /* Assets.xcassets */,
				93CCA9F858E92CC7FC57B56E /* LaunchScreen.storyboard */,
				5C412F88DCDEE6584787A9E0 /* Main.storyboard */,
			);
			path = Assets;
			sourceTree = "<group>";
		};
		97F8130493A0C28377CDDF7C = {
			isa = PBXGroup;
			children = (
				887319469F00798CF168169E /* CustomDrawing */,
				0191BB6FC406E7A20EB0D59B /* Products */,
			);
			sourceTree = "<group>";
		};
		E4494BA8595999FFCB867382 /* Model */ = {
			isa = PBXGroup;
			children = (
			);
			path = Model;
			sourceTree = "<group>";
		};
/* End PBXGroup section */

/* Begin PBXNativeTarget section */
		23EF7ED13B72255DFFB1B43B /* CustomDrawing */ = {
			isa = PBXNativeTarget;
			buildConfigurationList = E6673AA30490AF85992E0F14 /* Build configuration list for PBXNativeTarget "CustomDrawing" */;
			buildPhases = (
				F837B3086C803CCBC7C3D3A8 /* Sources */,
				CA33EF5999C65C90849A7986 /* Resources */,
			);
			buildRules = (
			);
			dependencies = (
			);
			name = CustomDrawing;
			productName = CustomDrawing;
			productReference = 45F1D3F4D1711E45A1F3F98B /* CustomDrawing.app */;
			productType = "com.apple.product-type.application";
		};
/* End PBXNativeTarget section */

/* Begin PBXProject section */
		F51A644CD023C3CA53E0E1D1 /* Project object */ = {
			isa = PBXProject;
			attributes = {
				LastUpgradeCheck = 1020;
			};
			buildConfigurationList = 1E36C269E7248930C1534001 /* Build configuration list for PBXProject "CustomDrawing" */;
			compatibilityVersion = "Xcode 10.0";
			developmentRegion = en;
			hasScannedForEncodings = 0;
			knownRegions = (
				Base,
			);
			mainGroup = 97F8130493A0C28377CDDF7C;
			projectDirPath = "";
			projectRoot = "";
			targets = (
				23EF7ED13B72255DFFB1B43B /* CustomDrawing */,
			);
		};
/* End PBXProject section */

/* Begin PBXResourcesBuildPhase section */
		CA33EF5999C65C90849A7986 /* Resources */ = {
			isa = PBXResourcesBuildPhase;
			buildActionMask = 2147483647;
			files = (
				BB432B4B74023284DD434B56 /* Assets.xcassets in Resources */,
				6C0EF3B7457D402C7BA33ABC /* LaunchScreen.storyboard in Resources */,
				99F3DAF3F5BB1A401FA15E8C /* Main.storyboard in Resources */,
			);
			runOnlyForDeploymentPostprocessing = 0;
		};
/* End PBXResourcesBuildPhase section */

/* Begin PBXSourcesBuildPhase section */
		F837B3086C803CCBC7C3D3A8 /* Sources */ = {
			isa = PBXSourcesBuildPhase;
			buildActionMask = 2147483647;
			files = (
				2B4D559658937D4F4CA0B68C /* CustomDrawingAppDelegate.swift in Sources */,
			);
			runOnlyForDeploymentPostprocessing = 0;
		};
/* End PBXSourcesBuildPhase section */

/* Begin PBXVariantGroup section */
		93CCA9F858E92CC7FC57B56E /* LaunchScreen.storyboard */ = {
			isa = PBXVariantGroup;
			children = (
				12E9C60F4AFE58244F197B65 /* Base */,
			);
			name = LaunchScreen.storyboard;
			sourceTree = "<group>";
		};
/* End PBXVariantGroup section */

/* Begin XCBuildConfiguration section */
		2B41CC55AFC6FD0CA8701406 /* Release */ = {
			isa = XCBuildConfiguration;
			buildSettings = {
				ASSETCATALOG_COMPILER_APPICON_NAME = AppIcon;
				CODE_SIGN_IDENTITY = "iPhone Developer";
				INFOPLIST_FILE = CustomDrawing/App/Info.plist;
				LD_RUNPATH_SEARCH_PATHS = "$(inherited) @executable_path/Frameworks";
				PRODUCT_BUNDLE_IDENTIFIER = com.example.CustomDrawing;
				SDKROOT = iphoneos;
				SWIFT_VERSION = 5.0;
				TARGETED_DEVICE_FAMILY = "1,2";
			};
			name = Release;
		};
		5055152AA2E15DF02DAF03EA /* Release */ = {
			isa = XCBuildConfiguration;
			buildSettings = {
				ALWAYS_SEARCH_USER_PATHS = NO;
				CLANG_ANALYZER_NONNULL = YES;
				CLANG_ANALYZER_NUMBER_OBJECT_CONVERSION = YES_AGGRESSIVE;
				CLANG_CXX_LANGUAGE_STANDARD = "gnu++14";
				CLANG_CXX_LIBRARY = "libc++";
				CLANG_ENABLE_MODULES = YES;
				CLANG_ENABLE_OBJC_ARC = YES;
				CLANG_WARN_BLOCK_CAPTURE_AUTORELEASING = YES;
				CLANG_WARN_BOOL_CONVERSION = YES;
				CLANG_WARN_COMMA = YES;
				CLANG_WARN_CONSTANT_CONVERSION = YES;
				CLANG_WARN_DEPRECATED_OBJC_IMPLEMENTATIONS = YES;
				CLANG_WARN_DIRECT_OBJC_ISA_USAGE = YES_ERROR;
				CLANG_WARN_DOCUMENTATION_COMMENTS = YES;
				CLANG_WARN_EMPTY_BODY = YES;
				CLANG_WARN_ENUM_CONVERSION = YES;
				CLANG_WARN_INFINITE_RECURSION = YES;
				CLANG_WARN_INT_CONVERSION = YES;
				CLANG_WARN_NON_LITERAL_NULL_CONVERSION = YES;
				CLANG_WARN_OBJC_IMPLICIT_RETAIN_SELF = YES;
				CLANG_WARN_OBJC_LITERAL_CONVERSION = YES;
				CLANG_WARN_OBJC_ROOT_CLASS = YES_ERROR;
				CLANG_WARN_RANGE_LOOP_ANALYSIS = YES;
				CLANG_WARN_STRICT_PROTOTYPES = YES;
				CLANG_WARN_SUSPICIOUS_MOVE = YES;
				CLANG_WARN_UNGUARDED_AVAILABILITY = YES_AGGRESSIVE;
				CLANG_WARN_UNREACHABLE_CODE = YES;
				CLANG_WARN__DUPLICATE_METHOD_MATCH = YES;
				COPY_PHASE_STRIP = NO;
				DEBUG_INFORMATION_FORMAT = "dwarf-with-dsym";
				ENABLE_NS_ASSERTIONS = NO;
				ENABLE_STRICT_OBJC_MSGSEND = YES;
				GCC_C_LANGUAGE_STANDARD = gnu11;
				GCC_NO_COMMON_BLOCKS = YES;
				GCC_WARN_64_TO_32_BIT_CONVERSION = YES;
				GCC_WARN_ABOUT_RETURN_TYPE = YES_ERROR;
				GCC_WARN_UNDECLARED_SELECTOR = YES;
				GCC_WARN_UNINITIALIZED_AUTOS = YES_AGGRESSIVE;
				GCC_WARN_UNUSED_FUNCTION = YES;
				GCC_WARN_UNUSED_VARIABLE = YES;
				IPHONEOS_DEPLOYMENT_TARGET = 10.0;
				PRODUCT_NAME = "$(TARGET_NAME)";
				SDKROOT = iphoneos;
				SWIFT_COMPILATION_MODE = wholemodule;
				SWIFT_VERSION = 5.0;
				VALIDATE_PRODUCT = YES;
			};
			name = Release;
		};
		98DC5348428AFE8B93F92ABB /* Debug */ = {
			isa = XCBuildConfiguration;
			buildSettings = {
				ALWAYS_SEARCH_USER_PATHS = NO;
				CLANG_ANALYZER_NONNULL = YES;
				CLANG_ANALYZER_NUMBER_OBJECT_CONVERSION = YES_AGGRESSIVE;
				CLANG_CXX_LANGUAGE_STANDARD = "gnu++14";
				CLANG_CXX_LIBRARY = "libc++";
				CLANG_ENABLE_MODULES = YES;
				CLANG_ENABLE_OBJC_ARC = YES;
				CLANG_WARN_BLOCK_CAPTURE_AUTORELEASING = YES;
				CLANG_WARN_BOOL_CONVERSION = YES;
				CLANG_WARN_COMMA = YES;
				CLANG_WARN_CONSTANT_CONVERSION = YES;
				CLANG_WARN_DEPRECATED_OBJC_IMPLEMENTATIONS = YES;
				CLANG_WARN_DIRECT_OBJC_ISA_USAGE = YES_ERROR;
				CLANG_WARN_DOCUMENTATION_COMMENTS = YES;
				CLANG_WARN_EMPTY_BODY = YES;
				CLANG_WARN_ENUM_CONVERSION = YES;
				CLANG_WARN_INFINITE_RECURSION = YES;
				CLANG_WARN_INT_CONVERSION = YES;
				CLANG_WARN_NON_LITERAL_NULL_CONVERSION = YES;
				CLANG_WARN_OBJC_IMPLICIT_RETAIN_SELF = YES;
				CLANG_WARN_OBJC_LITERAL_CONVERSION = YES;
				CLANG_WARN_OBJC_ROOT_CLASS = YES_ERROR;
				CLANG_WARN_RANGE_LOOP_ANALYSIS = YES;
				CLANG_WARN_STRICT_PROTOTYPES = YES;
				CLANG_WARN_SUSPICIOUS_MOVE = YES;
				CLANG_WARN_UNGUARDED_AVAILABILITY = YES_AGGRESSIVE;
				CLANG_WARN_UNREACHABLE_CODE = YES;
				CLANG_WARN__DUPLICATE_METHOD_MATCH = YES;
				COPY_PHASE_STRIP = NO;
				DEBUG_INFORMATION_FORMAT = dwarf;
				ENABLE_STRICT_OBJC_MSGSEND = YES;
				ENABLE_TESTABILITY = YES;
				GCC_C_LANGUAGE_STANDARD = gnu11;
				GCC_DYNAMIC_NO_PIC = NO;
				GCC_NO_COMMON_BLOCKS = YES;
				GCC_OPTIMIZATION_LEVEL = 0;
				GCC_PREPROCESSOR_DEFINITIONS = (
					"$(inherited)",
					"DEBUG=1",
				);
				GCC_WARN_64_TO_32_BIT_CONVERSION = YES;
				GCC_WARN_ABOUT_RETURN_TYPE = YES_ERROR;
				GCC_WARN_UNDECLARED_SELECTOR = YES;
				GCC_WARN_UNINITIALIZED_AUTOS = YES_AGGRESSIVE;
				GCC_WARN_UNUSED_FUNCTION = YES;
				GCC_WARN_UNUSED_VARIABLE = YES;
				IPHONEOS_DEPLOYMENT_TARGET = 10.0;
				MTL_ENABLE_DEBUG_INFO = YES;
				ONLY_ACTIVE_ARCH = YES;
				PRODUCT_NAME = "$(TARGET_NAME)";
				SDKROOT = iphoneos;
				SWIFT_ACTIVE_COMPILATION_CONDITIONS = DEBUG;
				SWIFT_OPTIMIZATION_LEVEL = "-Onone";
				SWIFT_VERSION = 5.0;
			};
			name = Debug;
		};
		A93C3340A0DF3E02C96D2B4B /* Debug */ = {
			isa = XCBuildConfiguration;
			buildSettings = {
				ASSETCATALOG_COMPILER_APPICON_NAME = AppIcon;
				CODE_SIGN_IDENTITY = "iPhone Developer";
				INFOPLIST_FILE = CustomDrawing/App/Info.plist;
				LD_RUNPATH_SEARCH_PATHS = "$(inherited) @executable_path/Frameworks";
				PRODUCT_BUNDLE_IDENTIFIER = com.example.CustomDrawing;
				SDKROOT = iphoneos;
				SWIFT_VERSION = 5.0;
				TARGETED_DEVICE_FAMILY = "1,2";
			};
			name = Debug;
		};
/* End XCBuildConfiguration section */

/* Begin XCConfigurationList section */
		1E36C269E7248930C1534001 /* Build configuration list for PBXProject "CustomDrawing" */ = {
			isa = XCConfigurationList;
			buildConfigurations = (
				98DC5348428AFE8B93F92ABB /* Debug */,
				5055152AA2E15DF02DAF03EA /* Release */,
			);
			defaultConfigurationIsVisible = 0;
			defaultConfigurationName = Debug;
		};
		E6673AA30490AF85992E0F14 /* Build configuration list for PBXNativeTarget "CustomDrawing" */ = {
			isa = XCConfigurationList;
			buildConfigurations = (
				A93C3340A0DF3E02C96D2B4B /* Debug */,
				2B41CC55AFC6FD0CA8701406 /* Release */,
			);
			defaultConfigurationIsVisible = 0;
			defaultConfigurationName = "";
		};
/* End XCConfigurationList section */
	};
	rootObject = F51A644CD023C3CA53E0E1D1 /* Project object */;
}
